{
  "name": "backend",
  "version": "1.0.0",
  "lockfileVersion": 3,
  "requires": true,
  "packages": {
    "": {
      "name": "backend",
      "version": "1.0.0",
      "license": "ISC",
      "dependencies": {
        "@hono/node-server": "^1.19.6",
        "@hono/zod-validator": "^0.7.5",
        "@prisma/client": "^6.8.0",
        "bcryptjs": "^3.0.3",
        "hono": "^4.10.6",
        "zod": "^4.1.12"
      },
      "devDependencies": {
        "@types/node": "^24.10.1",
        "prisma": "^6.8.0",
        "ts-node": "^10.9.2",
        "typescript": "^5.9.3"
      }
    },
    "node_modules/@cspotcode/source-map-support": {
      "version": "0.8.1",
      "resolved": "https://registry.npmjs.org/@cspotcode/source-map-support/-/source-map-support-0.8.1.tgz",
      "integrity": "sha512-IchNf6dN4tHoMFIn/7OE8LWZ19Y6q/67Bmf6vnGREv8RSbBVb9LPJxEcnwrcwX6ixSvaiGoomAUvu4YSxXrVgw==",
      "dev": true,
      "dependencies": {
        "@jridgewell/trace-mapping": "0.3.9"
      },
      "engines": {
        "node": ">=12"
      }
    },
    "node_modules/@hono/node-server": {
      "version": "1.19.6",
      "resolved": "https://registry.npmjs.org/@hono/node-server/-/node-server-1.19.6.tgz",
      "integrity": "sha512-Shz/KjlIeAhfiuE93NDKVdZ7HdBVLQAfdbaXEaoAVO3ic9ibRSLGIQGkcBbFyuLr+7/1D5ZCINM8B+6IvXeMtw==",
      "engines": {
        "node": ">=18.14.1"
      },
      "peerDependencies": {
        "hono": "^4"
      }
    },
    "node_modules/@hono/zod-validator": {
      "version": "0.7.5",
      "resolved": "https://registry.npmjs.org/@hono/zod-validator/-/zod-validator-0.7.5.tgz",
      "integrity": "sha512-n4l4hutkfYU07PzRUHBOVzUEn38VSfrh+UVE5d0w4lyfWDOEhzxIupqo5iakRiJL44c3vTuFJBvcmUl8b9agIA==",
      "peerDependencies": {
        "hono": ">=3.9.0",
        "zod": "^3.25.0 || ^4.0.0"
      }
    },
    "node_modules/@jridgewell/resolve-uri": {
      "version": "3.1.2",
      "resolved": "https://registry.npmjs.org/@jridgewell/resolve-uri/-/resolve-uri-3.1.2.tgz",
      "integrity": "sha512-bRISgCIjP20/tbWSPWMEi54QVPRZExkuD9lJL+UIxUKtwVJA8wW1Trb1jMs1RFXo1CBTNZ/5hpC9QvmKWdopKw==",
      "dev": true,
      "engines": {
        "node": ">=6.0.0"
      }
    },
    "node_modules/@jridgewell/sourcemap-codec": {
      "version": "1.5.5",
      "resolved": "https://registry.npmjs.org/@jridgewell/sourcemap-codec/-/sourcemap-codec-1.5.5.tgz",
      "integrity": "sha512-cYQ9310grqxueWbl+WuIUIaiUaDcj7WOq5fVhEljNVgRfOUhY9fy2zTvfoqWsnebh8Sl70VScFbICvJnLKB0Og==",
      "dev": true
    },
    "node_modules/@jridgewell/trace-mapping": {
      "version": "0.3.9",
      "resolved": "https://registry.npmjs.org/@jridgewell/trace-mapping/-/trace-mapping-0.3.9.tgz",
      "integrity": "sha512-3Belt6tdc8bPgAtbcmdtNJlirVoTmEb5e2gC94PnkwEW9jI6CAHUeoG85tjWP5WquqfavoMtMwiG4P926ZKKuQ==",
      "dev": true,
      "dependencies": {
        "@jridgewell/resolve-uri": "^3.0.3",
        "@jridgewell/sourcemap-codec": "^1.4.10"
      }
    },
    "node_modules/@prisma/client": {
      "version": "6.8.0",
      "resolved": "https://registry.npmjs.org/@prisma/client/-/client-6.8.0.tgz",
      "integrity": "sha512-t29bmo2VUOBIlinu0tRHXhj3r8+IwA7azetNOGqK9sQDVq/zwbSWq075P2kDjLhxpIe0L/g06bI22c307Tt4vA==",
      "hasInstallScript": true,
      "engines": {
        "node": ">=18.18"
      },
      "peerDependencies": {
        "prisma": "*",
        "typescript": ">=5.1.0"
      },
      "peerDependenciesMeta": {
        "prisma": {
          "optional": true
        },
        "typescript": {
          "optional": true
        }
      }
    },
    "node_modules/@prisma/config": {
      "version": "6.8.0",
      "resolved": "https://registry.npmjs.org/@prisma/config/-/config-6.8.0.tgz",
      "integrity": "sha512-Bl1SCz6XGa7InatzFBLpY2Ni3anJhPbDHz5RPmmdjaVVnK9Fo1oA4T1FInKLsabn0qjQE6iwCUe6OMu5Up1iGw==",
      "devOptional": true,
      "dependencies": {
        "jiti": "2.4.2"
      }
    },
    "node_modules/@prisma/debug": {
      "version": "6.8.0",
      "resolved": "https://registry.npmjs.org/@prisma/debug/-/debug-6.8.0.tgz",
      "integrity": "sha512-QgI80ZgD5xWI+DzNOw2LkZQpE2ZBV9NiTkPqcOTAWe3+sLagGGau4Sp18lrYsemEqzfYD6Zl1YJkCO4JFmywLg==",
      "devOptional": true
    },
    "node_modules/@prisma/engines": {
      "version": "6.8.0",
      "resolved": "https://registry.npmjs.org/@prisma/engines/-/engines-6.8.0.tgz",
      "integrity": "sha512-F1L6EbM4QsC84KzNk2gBiulmWvj4QRe+9QqHIAgKMPSOPnJhjeNSdcOrc2qkctJxew8F18tyzZOrcgHVg76IxQ==",
      "devOptional": true,
      "hasInstallScript": true,
      "dependencies": {
        "@prisma/debug": "6.8.0",
        "@prisma/engines-version": "6.8.0-43.2060c79ba17c6bb9f5823312b6f6b7f4a845738e",
        "@prisma/fetch-engine": "6.8.0",
        "@prisma/get-platform": "6.8.0"
      }
    },
    "node_modules/@prisma/engines-version": {
      "version": "6.8.0-43.2060c79ba17c6bb9f5823312b6f6b7f4a845738e",
      "resolved": "https://registry.npmjs.org/@prisma/engines-version/-/engines-version-6.8.0-43.2060c79ba17c6bb9f5823312b6f6b7f4a845738e.tgz",
      "integrity": "sha512-Rkik9lMyHpFNGaLpPF3H5q5TQTkm/aE7DsGM5m92FZTvWQsvmi6Va8On3pWvqLHOt5aPUvFb/FeZTmphI4CPiQ==",
      "devOptional": true
    },
    "node_modules/@prisma/fetch-engine": {
      "version": "6.8.0",
      "resolved": "https://registry.npmjs.org/@prisma/fetch-engine/-/fetch-engine-6.8.0.tgz",
      "integrity": "sha512-3mXaUxyqA2IHWGw4uHsA7yXyN2F6KVJ8Re7JgUwsHsYS4rgXXC7N4YIFfuStFw2y937RHgJfxzYBt2djkIbZXw==",
      "devOptional": true,
      "dependencies": {
        "@prisma/debug": "6.8.0",
        "@prisma/engines-version": "6.8.0-43.2060c79ba17c6bb9f5823312b6f6b7f4a845738e",
        "@prisma/get-platform": "6.8.0"
      }
    },
    "node_modules/@prisma/get-platform": {
      "version": "6.8.0",
      "resolved": "https://registry.npmjs.org/@prisma/get-platform/-/get-platform-6.8.0.tgz",
      "integrity": "sha512-NyHPoTGOZt/pDSWh0ioSU8EylBpEKdrCpgh5kfIqLww/HGMfgdmCPVMf+qBtSJXthqUIS6qAZ04Bvwq1qJHEdg==",
      "devOptional": true,
      "dependencies": {
        "@prisma/debug": "6.8.0"
      }
    },
    "node_modules/@tsconfig/node10": {
      "version": "1.0.12",
      "resolved": "https://registry.npmjs.org/@tsconfig/node10/-/node10-1.0.12.tgz",
      "integrity": "sha512-UCYBaeFvM11aU2y3YPZ//O5Rhj+xKyzy7mvcIoAjASbigy8mHMryP5cK7dgjlz2hWxh1g5pLw084E0a/wlUSFQ==",
      "dev": true
    },
    "node_modules/@tsconfig/node12": {
      "version": "1.0.11",
      "resolved": "https://registry.npmjs.org/@tsconfig/node12/-/node12-1.0.11.tgz",
      "integrity": "sha512-cqefuRsh12pWyGsIoBKJA9luFu3mRxCA+ORZvA4ktLSzIuCUtWVxGIuXigEwO5/ywWFMZ2QEGKWvkZG1zDMTag==",
      "dev": true
    },
    "node_modules/@tsconfig/node14": {
      "version": "1.0.3",
      "resolved": "https://registry.npmjs.org/@tsconfig/node14/-/node14-1.0.3.tgz",
      "integrity": "sha512-ysT8mhdixWK6Hw3i1V2AeRqZ5WfXg1G43mqoYlM2nc6388Fq5jcXyr5mRsqViLx/GJYdoL0bfXD8nmF+Zn/Iow==",
      "dev": true
    },
    "node_modules/@tsconfig/node16": {
      "version": "1.0.4",
      "resolved": "https://registry.npmjs.org/@tsconfig/node16/-/node16-1.0.4.tgz",
      "integrity": "sha512-vxhUy4J8lyeyinH7Azl1pdd43GJhZH/tP2weN8TntQblOY+A0XbT8DJk1/oCPuOOyg/Ja757rG0CgHcWC8OfMA==",
      "dev": true
    },
    "node_modules/@types/node": {
      "version": "24.10.1",
      "resolved": "https://registry.npmjs.org/@types/node/-/node-24.10.1.tgz",
      "integrity": "sha512-GNWcUTRBgIRJD5zj+Tq0fKOJ5XZajIiBroOF0yvj2bSU1WvNdYS/dn9UxwsujGW4JX06dnHyjV2y9rRaybH0iQ==",
      "dev": true,
      "dependencies": {
        "undici-types": "~7.16.0"
      }
    },
    "node_modules/acorn": {
      "version": "8.15.0",
      "resolved": "https://registry.npmjs.org/acorn/-/acorn-8.15.0.tgz",
      "integrity": "sha512-NZyJarBfL7nWwIq+FDL6Zp/yHEhePMNnnJ0y3qfieCrmNvYct8uvtiV41UvlSe6apAfk0fY1FbWx+NwfmpvtTg==",
      "dev": true,
      "bin": {
        "acorn": "bin/acorn"
      },
      "engines": {
        "node": ">=0.4.0"
      }
    },
    "node_modules/acorn-walk": {
      "version": "8.3.4",
      "resolved": "https://registry.npmjs.org/acorn-walk/-/acorn-walk-8.3.4.tgz",
      "integrity": "sha512-ueEepnujpqee2o5aIYnvHU6C0A42MNdsIDeqy5BydrkuC5R1ZuUFnm27EeFJGoEHJQgn3uleRvmTXaJgfXbt4g==",
      "dev": true,
      "dependencies": {
        "acorn": "^8.11.0"
      },
      "engines": {
        "node": ">=0.4.0"
      }
    },
    "node_modules/arg": {
      "version": "4.1.3",
      "resolved": "https://registry.npmjs.org/arg/-/arg-4.1.3.tgz",
      "integrity": "sha512-58S9QDqG0Xx27YwPSt9fJxivjYl432YCwfDMfZ+71RAqUrZef7LrKQZ3LHLOwCS4FLNBplP533Zx895SeOCHvA==",
      "dev": true
    },
    "node_modules/bcryptjs": {
      "version": "3.0.3",
      "resolved": "https://registry.npmjs.org/bcryptjs/-/bcryptjs-3.0.3.tgz",
      "integrity": "sha512-GlF5wPWnSa/X5LKM1o0wz0suXIINz1iHRLvTS+sLyi7XPbe5ycmYI3DlZqVGZZtDgl4DmasFg7gOB3JYbphV5g==",
      "bin": {
        "bcrypt": "bin/bcrypt"
      }
    },
    "node_modules/create-require": {
      "version": "1.1.1",
      "resolved": "https://registry.npmjs.org/create-require/-/create-require-1.1.1.tgz",
      "integrity": "sha512-dcKFX3jn0MpIaXjisoRvexIJVEKzaq7z2rZKxf+MSr9TkdmHmsU4m2lcLojrj/FHl8mk5VxMmYA+ftRkP/3oKQ==",
      "dev": true
    },
    "node_modules/diff": {
      "version": "4.0.2",
      "resolved": "https://registry.npmjs.org/diff/-/diff-4.0.2.tgz",
      "integrity": "sha512-58lmxKSA4BNyLz+HHMUzlOEpg09FV+ev6ZMe3vJihgdxzgcwZ8VoEEPmALCZG9LmqfVoNMMKpttIYTVG6uDY7A==",
      "dev": true,
      "engines": {
        "node": ">=0.3.1"
      }
    },
    "node_modules/hono": {
      "version": "4.10.6",
      "resolved": "https://registry.npmjs.org/hono/-/hono-4.10.6.tgz",
      "integrity": "sha512-BIdolzGpDO9MQ4nu3AUuDwHZZ+KViNm+EZ75Ae55eMXMqLVhDFqEMXxtUe9Qh8hjL+pIna/frs2j6Y2yD5Ua/g==",
      "engines": {
        "node": ">=16.9.0"
      }
    },
    "node_modules/jiti": {
      "version": "2.4.2",
      "resolved": "https://registry.npmjs.org/jiti/-/jiti-2.4.2.tgz",
      "integrity": "sha512-rg9zJN+G4n2nfJl5MW3BMygZX56zKPNVEYYqq7adpmMh4Jn2QNEwhvQlFy6jPVdcod7txZtKHWnyZiA3a0zP7A==",
      "devOptional": true,
      "bin": {
        "jiti": "lib/jiti-cli.mjs"
      }
    },
    "node_modules/make-error": {
      "version": "1.3.6",
      "resolved": "https://registry.npmjs.org/make-error/-/make-error-1.3.6.tgz",
      "integrity": "sha512-s8UhlNe7vPKomQhC1qFelMokr/Sc3AgNbso3n74mVPA5LTZwkB9NlXf4XPamLxJE8h0gh73rM94xvwRT2CVInw==",
      "dev": true
    },
    "node_modules/prisma": {
      "version": "6.8.0",
      "resolved": "https://registry.npmjs.org/prisma/-/prisma-6.8.0.tgz",
      "integrity": "sha512-Jv1DrZs4DhL4b0URa0cMtY4VRYrlGTbTAPjEITvYG7KjfC0yUPXxH8ZvPnLj0jolbJnR7aMqA1Ait9J1KG2GCA==",
      "devOptional": true,
      "hasInstallScript": true,
      "dependencies": {
        "@prisma/config": "6.8.0",
        "@prisma/engines": "6.8.0"
      },
      "bin": {
        "prisma": "build/index.js"
      },
      "engines": {
        "node": ">=18.18"
      },
      "peerDependencies": {
        "typescript": ">=5.1.0"
      },
      "peerDependenciesMeta": {
        "typescript": {
          "optional": true
        }
      }
    },
    "node_modules/ts-node": {
      "version": "10.9.2",
      "resolved": "https://registry.npmjs.org/ts-node/-/ts-node-10.9.2.tgz",
      "integrity": "sha512-f0FFpIdcHgn8zcPSbf1dRevwt047YMnaiJM3u2w2RewrB+fob/zePZcrOyQoLMMO7aBIddLcQIEK5dYjkLnGrQ==",
      "dev": true,
      "dependencies": {
        "@cspotcode/source-map-support": "^0.8.0",
        "@tsconfig/node10": "^1.0.7",
        "@tsconfig/node12": "^1.0.7",
        "@tsconfig/node14": "^1.0.0",
        "@tsconfig/node16": "^1.0.2",
        "acorn": "^8.4.1",
        "acorn-walk": "^8.1.1",
        "arg": "^4.1.0",
        "create-require": "^1.1.0",
        "diff": "^4.0.1",
        "make-error": "^1.1.1",
        "v8-compile-cache-lib": "^3.0.1",
        "yn": "3.1.1"
      },
      "bin": {
        "ts-node": "dist/bin.js",
        "ts-node-cwd": "dist/bin-cwd.js",
        "ts-node-esm": "dist/bin-esm.js",
        "ts-node-script": "dist/bin-script.js",
        "ts-node-transpile-only": "dist/bin-transpile.js",
        "ts-script": "dist/bin-script-deprecated.js"
      },
      "peerDependencies": {
        "@swc/core": ">=1.2.50",
        "@swc/wasm": ">=1.2.50",
        "@types/node": "*",
        "typescript": ">=2.7"
      },
      "peerDependenciesMeta": {
        "@swc/core": {
          "optional": true
        },
        "@swc/wasm": {
          "optional": true
        }
      }
    },
    "node_modules/typescript": {
      "version": "5.9.3",
      "resolved": "https://registry.npmjs.org/typescript/-/typescript-5.9.3.tgz",
      "integrity": "sha512-jl1vZzPDinLr9eUt3J/t7V6FgNEw9QjvBPdysz9KfQDD41fQrC2Y4vKQdiaUpFT4bXlb1RHhLpp8wtm6M5TgSw==",
      "devOptional": true,
      "bin": {
        "tsc": "bin/tsc",
        "tsserver": "bin/tsserver"
      },
      "engines": {
        "node": ">=14.17"
      }
    },
    "node_modules/undici-types": {
      "version": "7.16.0",
      "resolved": "https://registry.npmjs.org/undici-types/-/undici-types-7.16.0.tgz",
      "integrity": "sha512-Zz+aZWSj8LE6zoxD+xrjh4VfkIG8Ya6LvYkZqtUQGJPZjYl53ypCaUwWqo7eI0x66KBGeRo+mlBEkMSeSZ38Nw==",
      "dev": true
    },
    "node_modules/v8-compile-cache-lib": {
      "version": "3.0.1",
      "resolved": "https://registry.npmjs.org/v8-compile-cache-lib/-/v8-compile-cache-lib-3.0.1.tgz",
      "integrity": "sha512-wa7YjyUGfNZngI/vtK0UHAN+lgDCxBPCylVXGp0zu59Fz5aiGtNXaq3DhIov063MorB+VfufLh3JlF2KdTK3xg==",
      "dev": true
    },
    "node_modules/yn": {
      "version": "3.1.1",
      "resolved": "https://registry.npmjs.org/yn/-/yn-3.1.1.tgz",
      "integrity": "sha512-Ux4ygGWsu2c7isFWe8Yu1YluJmqVhxqK2cLXNQA5AcC3QfbGNpM7fu0Y8b/z16pXLnFxZYvWhd3fhBY9DLmC6Q==",
      "dev": true,
      "engines": {
        "node": ">=6"
      }
    },
    "node_modules/zod": {
      "version": "4.1.12",
      "resolved": "https://registry.npmjs.org/zod/-/zod-4.1.12.tgz",
      "integrity": "sha512-JInaHOamG8pt5+Ey8kGmdcAcg3OL9reK8ltczgHTAwNhMys/6ThXHityHxVV2p3fkw/c+MAvBHFVYHFZDmjMCQ==",
      "funding": {
        "url": "https://github.com/sponsors/colinhacks"
      }
    }
  }
}
